
Microsoft Visual Studio Solution File, Format Version 12.00
# Visual Studio Version 17
VisualStudioVersion = 17.8.34330.188
MinimumVisualStudioVersion = 10.0.40219.1
Project("{FAE04EC0-301F-11D3-BF4B-00C04F79EFBC}") = "Daniyar_ASP", "Daniyar_ASP\Daniyar_ASP.csproj", "{B84AD4D6-6185-4A7B-A84F-BAE7BF250F4B}"
EndProject
Global
	GlobalSection(SolutionConfigurationPlatforms) = preSolution
		Debug|Any CPU = Debug|Any CPU
		Release|Any CPU = Release|Any CPU
	EndGlobalSection
	GlobalSection(ProjectConfigurationPlatforms) = postSolution
		{B84AD4D6-6185-4A7B-A84F-BAE7BF250F4B}.Debug|Any CPU.ActiveCfg = Debug|Any CPU
		{B84AD4D6-6185-4A7B-A84F-BAE7BF250F4B}.Debug|Any CPU.Build.0 = Debug|Any CPU
		{B84AD4D6-6185-4A7B-A84F-BAE7BF250F4B}.Release|Any CPU.ActiveCfg = Release|Any CPU
		{B84AD4D6-6185-4A7B-A84F-BAE7BF250F4B}.Release|Any CPU.Build.0 = Release|Any CPU
	EndGlobalSection
	GlobalSection(SolutionProperties) = preSolution
		HideSolutionNode = FALSE
	EndGlobalSection
	GlobalSection(ExtensibilityGlobals) = postSolution
		SolutionGuid = {28763061-2081-4B20-9E60-B86A54DD8983}
	EndGlobalSection
EndGlobal
